// !$*UTF8*$!
{
	archiveVersion = 1;
	classes = {
	};
	objectVersion = 50;
	objects = {

/* Begin PBXBuildFile section */
		6033FDE42095ADC70081405C /* AppDelegate.swift in Sources */ = {isa = PBXBuildFile; fileRef = 6033FDE32095ADC70081405C /* AppDelegate.swift */; };
		6033FDE62095ADC70081405C /* AuthenticationViewController.swift in Sources */ = {isa = PBXBuildFile; fileRef = 6033FDE52095ADC70081405C /* AuthenticationViewController.swift */; };
		6033FDE92095ADC70081405C /* Authentication.storyboard in Resources */ = {isa = PBXBuildFile; fileRef = 6033FDE72095ADC70081405C /* Authentication.storyboard */; };
		6033FDEB2095ADCA0081405C /* Assets.xcassets in Resources */ = {isa = PBXBuildFile; fileRef = 6033FDEA2095ADCA0081405C /* Assets.xcassets */; };
		6033FDEE2095ADCA0081405C /* LaunchScreen.storyboard in Resources */ = {isa = PBXBuildFile; fileRef = 6033FDEC2095ADCA0081405C /* LaunchScreen.storyboard */; };
		60DB3239209CA2B400ED58B2 /* AppStateStore.swift in Sources */ = {isa = PBXBuildFile; fileRef = 60DB3238209CA2B400ED58B2 /* AppStateStore.swift */; };
		60DB323B209CA30700ED58B2 /* AuthenticationReducer.swift in Sources */ = {isa = PBXBuildFile; fileRef = 60DB323A209CA30700ED58B2 /* AuthenticationReducer.swift */; };
		60DB323D209CA31F00ED58B2 /* AppReducer.swift in Sources */ = {isa = PBXBuildFile; fileRef = 60DB323C209CA31F00ED58B2 /* AppReducer.swift */; };
		60DB323F209CA36300ED58B2 /* AuthenticationState.swift in Sources */ = {isa = PBXBuildFile; fileRef = 60DB323E209CA36300ED58B2 /* AuthenticationState.swift */; };
		60DB3241209CA38800ED58B2 /* AppState.swift in Sources */ = {isa = PBXBuildFile; fileRef = 60DB3240209CA38800ED58B2 /* AppState.swift */; };
		60DB3243209CA39F00ED58B2 /* AuthenticationInteractor.swift in Sources */ = {isa = PBXBuildFile; fileRef = 60DB3242209CA39F00ED58B2 /* AuthenticationInteractor.swift */; };
		60DB3245209DD1FB00ED58B2 /* AuthenticationPresenter.swift in Sources */ = {isa = PBXBuildFile; fileRef = 60DB3244209DD1FB00ED58B2 /* AuthenticationPresenter.swift */; };
		60DB3247209EFEE800ED58B2 /* AuthenticationService.swift in Sources */ = {isa = PBXBuildFile; fileRef = 60DB3246209EFEE800ED58B2 /* AuthenticationService.swift */; };
		60DB324A209F296500ED58B2 /* HTTPNetworkClient.swift in Sources */ = {isa = PBXBuildFile; fileRef = 60DB3249209F296500ED58B2 /* HTTPNetworkClient.swift */; };
		60DB324C209F299000ED58B2 /* GitHubNetworkClient.swift in Sources */ = {isa = PBXBuildFile; fileRef = 60DB324B209F299000ED58B2 /* GitHubNetworkClient.swift */; };
		60DB324E209F29DA00ED58B2 /* URLGenerator.swift in Sources */ = {isa = PBXBuildFile; fileRef = 60DB324D209F29DA00ED58B2 /* URLGenerator.swift */; };
		60DB3250209F29F400ED58B2 /* BasicAuthTokenGenerator.swift in Sources */ = {isa = PBXBuildFile; fileRef = 60DB324F209F29F400ED58B2 /* BasicAuthTokenGenerator.swift */; };
		60DB3253209F2A1E00ED58B2 /* ModelDecoder.swift in Sources */ = {isa = PBXBuildFile; fileRef = 60DB3252209F2A1E00ED58B2 /* ModelDecoder.swift */; };
		60DB3256209F80F100ED58B2 /* AppRouter.swift in Sources */ = {isa = PBXBuildFile; fileRef = 60DB3255209F80F100ED58B2 /* AppRouter.swift */; };
/* End PBXBuildFile section */

/* Begin PBXFileReference section */
		6033FDE02095ADC60081405C /* redux-swift.app */ = {isa = PBXFileReference; explicitFileType = wrapper.application; includeInIndex = 0; path = "redux-swift.app"; sourceTree = BUILT_PRODUCTS_DIR; };
		6033FDE32095ADC70081405C /* AppDelegate.swift */ = {isa = PBXFileReference; lastKnownFileType = sourcecode.swift; path = AppDelegate.swift; sourceTree = "<group>"; };
		6033FDE52095ADC70081405C /* AuthenticationViewController.swift */ = {isa = PBXFileReference; lastKnownFileType = sourcecode.swift; path = AuthenticationViewController.swift; sourceTree = "<group>"; };
		6033FDE82095ADC70081405C /* Base */ = {isa = PBXFileReference; lastKnownFileType = file.storyboard; name = Base; path = Base.lproj/Authentication.storyboard; sourceTree = "<group>"; };
		6033FDEA2095ADCA0081405C /* Assets.xcassets */ = {isa = PBXFileReference; lastKnownFileType = folder.assetcatalog; path = Assets.xcassets; sourceTree = "<group>"; };
		6033FDED2095ADCA0081405C /* Base */ = {isa = PBXFileReference; lastKnownFileType = file.storyboard; name = Base; path = Base.lproj/LaunchScreen.storyboard; sourceTree = "<group>"; };
		6033FDEF2095ADCA0081405C /* Info.plist */ = {isa = PBXFileReference; lastKnownFileType = text.plist.xml; path = Info.plist; sourceTree = "<group>"; };
		60DB3238209CA2B400ED58B2 /* AppStateStore.swift */ = {isa = PBXFileReference; lastKnownFileType = sourcecode.swift; path = AppStateStore.swift; sourceTree = "<group>"; };
		60DB323A209CA30700ED58B2 /* AuthenticationReducer.swift */ = {isa = PBXFileReference; lastKnownFileType = sourcecode.swift; path = AuthenticationReducer.swift; sourceTree = "<group>"; };
		60DB323C209CA31F00ED58B2 /* AppReducer.swift */ = {isa = PBXFileReference; lastKnownFileType = sourcecode.swift; path = AppReducer.swift; sourceTree = "<group>"; };
		60DB323E209CA36300ED58B2 /* AuthenticationState.swift */ = {isa = PBXFileReference; lastKnownFileType = sourcecode.swift; path = AuthenticationState.swift; sourceTree = "<group>"; };
		60DB3240209CA38800ED58B2 /* AppState.swift */ = {isa = PBXFileReference; lastKnownFileType = sourcecode.swift; path = AppState.swift; sourceTree = "<group>"; };
		60DB3242209CA39F00ED58B2 /* AuthenticationInteractor.swift */ = {isa = PBXFileReference; lastKnownFileType = sourcecode.swift; path = AuthenticationInteractor.swift; sourceTree = "<group>"; };
		60DB3244209DD1FB00ED58B2 /* AuthenticationPresenter.swift */ = {isa = PBXFileReference; lastKnownFileType = sourcecode.swift; path = AuthenticationPresenter.swift; sourceTree = "<group>"; };
		60DB3246209EFEE800ED58B2 /* AuthenticationService.swift */ = {isa = PBXFileReference; lastKnownFileType = sourcecode.swift; path = AuthenticationService.swift; sourceTree = "<group>"; };
		60DB3249209F296500ED58B2 /* HTTPNetworkClient.swift */ = {isa = PBXFileReference; lastKnownFileType = sourcecode.swift; path = HTTPNetworkClient.swift; sourceTree = "<group>"; };
		60DB324B209F299000ED58B2 /* GitHubNetworkClient.swift */ = {isa = PBXFileReference; lastKnownFileType = sourcecode.swift; path = GitHubNetworkClient.swift; sourceTree = "<group>"; };
		60DB324D209F29DA00ED58B2 /* URLGenerator.swift */ = {isa = PBXFileReference; lastKnownFileType = sourcecode.swift; path = URLGenerator.swift; sourceTree = "<group>"; };
		60DB324F209F29F400ED58B2 /* BasicAuthTokenGenerator.swift */ = {isa = PBXFileReference; lastKnownFileType = sourcecode.swift; path = BasicAuthTokenGenerator.swift; sourceTree = "<group>"; };
		60DB3252209F2A1E00ED58B2 /* ModelDecoder.swift */ = {isa = PBXFileReference; lastKnownFileType = sourcecode.swift; path = ModelDecoder.swift; sourceTree = "<group>"; };
		60DB3255209F80F100ED58B2 /* AppRouter.swift */ = {isa = PBXFileReference; lastKnownFileType = sourcecode.swift; path = AppRouter.swift; sourceTree = "<group>"; };
/* End PBXFileReference section */

/* Begin PBXFrameworksBuildPhase section */
		6033FDDD2095ADC60081405C /* Frameworks */ = {
			isa = PBXFrameworksBuildPhase;
			buildActionMask = 2147483647;
			files = (
			);
			runOnlyForDeploymentPostprocessing = 0;
		};
/* End PBXFrameworksBuildPhase section */

/* Begin PBXGroup section */
		6033FDD72095ADC60081405C = {
			isa = PBXGroup;
			children = (
				6033FDE22095ADC60081405C /* redux-swift */,
				6033FDE12095ADC60081405C /* Products */,
			);
			sourceTree = "<group>";
		};
		6033FDE12095ADC60081405C /* Products */ = {
			isa = PBXGroup;
			children = (
				6033FDE02095ADC60081405C /* redux-swift.app */,
			);
			name = Products;
			sourceTree = "<group>";
		};
		6033FDE22095ADC60081405C /* redux-swift */ = {
			isa = PBXGroup;
			children = (
				6033FDF52095B4C70081405C /* Modules */,
				6033FDE32095ADC70081405C /* AppDelegate.swift */,
				6033FDEA2095ADCA0081405C /* Assets.xcassets */,
				6033FDEC2095ADCA0081405C /* LaunchScreen.storyboard */,
				6033FDEF2095ADCA0081405C /* Info.plist */,
			);
			path = "redux-swift";
			sourceTree = "<group>";
		};
		6033FDF52095B4C70081405C /* Modules */ = {
			isa = PBXGroup;
			children = (
				60DB3248209F295800ED58B2 /* Networking */,
				60DB3237209CA2A300ED58B2 /* App */,
				60DB3236209CA29600ED58B2 /* Authentication */,
			);
			path = Modules;
			sourceTree = "<group>";
		};
		60DB3236209CA29600ED58B2 /* Authentication */ = {
			isa = PBXGroup;
			children = (
				60DB323E209CA36300ED58B2 /* AuthenticationState.swift */,
				60DB323A209CA30700ED58B2 /* AuthenticationReducer.swift */,
				60DB3246209EFEE800ED58B2 /* AuthenticationService.swift */,
				60DB3242209CA39F00ED58B2 /* AuthenticationInteractor.swift */,
				60DB3244209DD1FB00ED58B2 /* AuthenticationPresenter.swift */,
				6033FDE52095ADC70081405C /* AuthenticationViewController.swift */,
				6033FDE72095ADC70081405C /* Authentication.storyboard */,
			);
			path = Authentication;
			sourceTree = "<group>";
		};
		60DB3237209CA2A300ED58B2 /* App */ = {
			isa = PBXGroup;
			children = (
				60DB3240209CA38800ED58B2 /* AppState.swift */,
				60DB323C209CA31F00ED58B2 /* AppReducer.swift */,
				60DB3238209CA2B400ED58B2 /* AppStateStore.swift */,
				60DB3255209F80F100ED58B2 /* AppRouter.swift */,
			);
			path = App;
			sourceTree = "<group>";
		};
		60DB3248209F295800ED58B2 /* Networking */ = {
			isa = PBXGroup;
			children = (
				60DB3251209F2A1200ED58B2 /* Auxiliary */,
				60DB3249209F296500ED58B2 /* HTTPNetworkClient.swift */,
				60DB324B209F299000ED58B2 /* GitHubNetworkClient.swift */,
			);
			path = Networking;
			sourceTree = "<group>";
		};
		60DB3251209F2A1200ED58B2 /* Auxiliary */ = {
			isa = PBXGroup;
			children = (
				60DB3252209F2A1E00ED58B2 /* ModelDecoder.swift */,
				60DB324D209F29DA00ED58B2 /* URLGenerator.swift */,
				60DB324F209F29F400ED58B2 /* BasicAuthTokenGenerator.swift */,
			);
			path = Auxiliary;
			sourceTree = "<group>";
		};
/* End PBXGroup section */

/* Begin PBXNativeTarget section */
		6033FDDF2095ADC60081405C /* redux-swift */ = {
			isa = PBXNativeTarget;
			buildConfigurationList = 6033FDF22095ADCA0081405C /* Build configuration list for PBXNativeTarget "redux-swift" */;
			buildPhases = (
				6033FDDC2095ADC60081405C /* Sources */,
				6033FDDD2095ADC60081405C /* Frameworks */,
				6033FDDE2095ADC60081405C /* Resources */,
			);
			buildRules = (
			);
			dependencies = (
			);
			name = "redux-swift";
			productName = "redux-swift";
			productReference = 6033FDE02095ADC60081405C /* redux-swift.app */;
			productType = "com.apple.product-type.application";
		};
/* End PBXNativeTarget section */

/* Begin PBXProject section */
		6033FDD82095ADC60081405C /* Project object */ = {
			isa = PBXProject;
			attributes = {
				LastSwiftUpdateCheck = 0930;
				LastUpgradeCheck = 0930;
				ORGANIZATIONNAME = "Bartłomiej Nowak";
				TargetAttributes = {
					6033FDDF2095ADC60081405C = {
						CreatedOnToolsVersion = 9.3;
					};
				};
			};
			buildConfigurationList = 6033FDDB2095ADC60081405C /* Build configuration list for PBXProject "redux-swift" */;
			compatibilityVersion = "Xcode 9.3";
			developmentRegion = en;
			hasScannedForEncodings = 0;
			knownRegions = (
				en,
				Base,
			);
			mainGroup = 6033FDD72095ADC60081405C;
			productRefGroup = 6033FDE12095ADC60081405C /* Products */;
			projectDirPath = "";
			projectRoot = "";
			targets = (
				6033FDDF2095ADC60081405C /* redux-swift */,
			);
		};
/* End PBXProject section */

/* Begin PBXResourcesBuildPhase section */
		6033FDDE2095ADC60081405C /* Resources */ = {
			isa = PBXResourcesBuildPhase;
			buildActionMask = 2147483647;
			files = (
				6033FDEE2095ADCA0081405C /* LaunchScreen.storyboard in Resources */,
				6033FDEB2095ADCA0081405C /* Assets.xcassets in Resources */,
				6033FDE92095ADC70081405C /* Authentication.storyboard in Resources */,
			);
			runOnlyForDeploymentPostprocessing = 0;
		};
/* End PBXResourcesBuildPhase section */

/* Begin PBXSourcesBuildPhase section */
		6033FDDC2095ADC60081405C /* Sources */ = {
			isa = PBXSourcesBuildPhase;
			buildActionMask = 2147483647;
			files = (
				60DB324C209F299000ED58B2 /* GitHubNetworkClient.swift in Sources */,
				60DB323B209CA30700ED58B2 /* AuthenticationReducer.swift in Sources */,
				60DB323F209CA36300ED58B2 /* AuthenticationState.swift in Sources */,
				60DB324E209F29DA00ED58B2 /* URLGenerator.swift in Sources */,
				60DB3241209CA38800ED58B2 /* AppState.swift in Sources */,
				6033FDE62095ADC70081405C /* AuthenticationViewController.swift in Sources */,
				60DB3250209F29F400ED58B2 /* BasicAuthTokenGenerator.swift in Sources */,
				6033FDE42095ADC70081405C /* AppDelegate.swift in Sources */,
				60DB3247209EFEE800ED58B2 /* AuthenticationService.swift in Sources */,
				60DB324A209F296500ED58B2 /* HTTPNetworkClient.swift in Sources */,
				60DB3239209CA2B400ED58B2 /* AppStateStore.swift in Sources */,
				60DB3245209DD1FB00ED58B2 /* AuthenticationPresenter.swift in Sources */,
				60DB3256209F80F100ED58B2 /* AppRouter.swift in Sources */,
				60DB323D209CA31F00ED58B2 /* AppReducer.swift in Sources */,
				60DB3253209F2A1E00ED58B2 /* ModelDecoder.swift in Sources */,
				60DB3243209CA39F00ED58B2 /* AuthenticationInteractor.swift in Sources */,
			);
			runOnlyForDeploymentPostprocessing = 0;
		};
/* End PBXSourcesBuildPhase section */

/* Begin PBXVariantGroup section */
		6033FDE72095ADC70081405C /* Authentication.storyboard */ = {
			isa = PBXVariantGroup;
			children = (
				6033FDE82095ADC70081405C /* Base */,
			);
			name = Authentication.storyboard;
			sourceTree = "<group>";
		};
		6033FDEC2095ADCA0081405C /* LaunchScreen.storyboard */ = {
			isa = PBXVariantGroup;
			children = (
				6033FDED2095ADCA0081405C /* Base */,
			);
			name = LaunchScreen.storyboard;
			sourceTree = "<group>";
		};
/* End PBXVariantGroup section */

/* Begin XCBuildConfiguration section */
		6033FDF02095ADCA0081405C /* Debug */ = {
			isa = XCBuildConfiguration;
			buildSettings = {
				ALWAYS_SEARCH_USER_PATHS = NO;
				CLANG_ANALYZER_NONNULL = YES;
				CLANG_ANALYZER_NUMBER_OBJECT_CONVERSION = YES_AGGRESSIVE;
				CLANG_CXX_LANGUAGE_STANDARD = "gnu++14";
				CLANG_CXX_LIBRARY = "libc++";
				CLANG_ENABLE_MODULES = YES;
				CLANG_ENABLE_OBJC_ARC = YES;
				CLANG_ENABLE_OBJC_WEAK = YES;
				CLANG_WARN_BLOCK_CAPTURE_AUTORELEASING = YES;
				CLANG_WARN_BOOL_CONVERSION = YES;
				CLANG_WARN_COMMA = YES;
				CLANG_WARN_CONSTANT_CONVERSION = YES;
				CLANG_WARN_DEPRECATED_OBJC_IMPLEMENTATIONS = YES;
				CLANG_WARN_DIRECT_OBJC_ISA_USAGE = YES_ERROR;
				CLANG_WARN_DOCUMENTATION_COMMENTS = YES;
				CLANG_WARN_EMPTY_BODY = YES;
				CLANG_WARN_ENUM_CONVERSION = YES;
				CLANG_WARN_INFINITE_RECURSION = YES;
				CLANG_WARN_INT_CONVERSION = YES;
				CLANG_WARN_NON_LITERAL_NULL_CONVERSION = YES;
				CLANG_WARN_OBJC_IMPLICIT_RETAIN_SELF = YES;
				CLANG_WARN_OBJC_LITERAL_CONVERSION = YES;
				CLANG_WARN_OBJC_ROOT_CLASS = YES_ERROR;
				CLANG_WARN_RANGE_LOOP_ANALYSIS = YES;
				CLANG_WARN_STRICT_PROTOTYPES = YES;
				CLANG_WARN_SUSPICIOUS_MOVE = YES;
				CLANG_WARN_UNGUARDED_AVAILABILITY = YES_AGGRESSIVE;
				CLANG_WARN_UNREACHABLE_CODE = YES;
				CLANG_WARN__DUPLICATE_METHOD_MATCH = YES;
				CODE_SIGN_IDENTITY = "iPhone Developer";
				COPY_PHASE_STRIP = NO;
				DEBUG_INFORMATION_FORMAT = dwarf;
				ENABLE_STRICT_OBJC_MSGSEND = YES;
				ENABLE_TESTABILITY = YES;
				GCC_C_LANGUAGE_STANDARD = gnu11;
				GCC_DYNAMIC_NO_PIC = NO;
				GCC_NO_COMMON_BLOCKS = YES;
				GCC_OPTIMIZATION_LEVEL = 0;
				GCC_PREPROCESSOR_DEFINITIONS = (
					"DEBUG=1",
					"$(inherited)",
				);
				GCC_WARN_64_TO_32_BIT_CONVERSION = YES;
				GCC_WARN_ABOUT_RETURN_TYPE = YES_ERROR;
				GCC_WARN_UNDECLARED_SELECTOR = YES;
				GCC_WARN_UNINITIALIZED_AUTOS = YES_AGGRESSIVE;
				GCC_WARN_UNUSED_FUNCTION = YES;
				GCC_WARN_UNUSED_VARIABLE = YES;
				IPHONEOS_DEPLOYMENT_TARGET = 11.3;
				MTL_ENABLE_DEBUG_INFO = YES;
				ONLY_ACTIVE_ARCH = YES;
				SDKROOT = iphoneos;
				SWIFT_ACTIVE_COMPILATION_CONDITIONS = DEBUG;
				SWIFT_OPTIMIZATION_LEVEL = "-Onone";
			};
			name = Debug;
		};
		6033FDF12095ADCA0081405C /* Release */ = {
			isa = XCBuildConfiguration;
			buildSettings = {
				ALWAYS_SEARCH_USER_PATHS = NO;
				CLANG_ANALYZER_NONNULL = YES;
				CLANG_ANALYZER_NUMBER_OBJECT_CONVERSION = YES_AGGRESSIVE;
				CLANG_CXX_LANGUAGE_STANDARD = "gnu++14";
				CLANG_CXX_LIBRARY = "libc++";
				CLANG_ENABLE_MODULES = YES;
				CLANG_ENABLE_OBJC_ARC = YES;
				CLANG_ENABLE_OBJC_WEAK = YES;
				CLANG_WARN_BLOCK_CAPTURE_AUTORELEASING = YES;
				CLANG_WARN_BOOL_CONVERSION = YES;
				CLANG_WARN_COMMA = YES;
				CLANG_WARN_CONSTANT_CONVERSION = YES;
				CLANG_WARN_DEPRECATED_OBJC_IMPLEMENTATIONS = YES;
				CLANG_WARN_DIRECT_OBJC_ISA_USAGE = YES_ERROR;
				CLANG_WARN_DOCUMENTATION_COMMENTS = YES;
				CLANG_WARN_EMPTY_BODY = YES;
				CLANG_WARN_ENUM_CONVERSION = YES;
				CLANG_WARN_INFINITE_RECURSION = YES;
				CLANG_WARN_INT_CONVERSION = YES;
				CLANG_WARN_NON_LITERAL_NULL_CONVERSION = YES;
				CLANG_WARN_OBJC_IMPLICIT_RETAIN_SELF = YES;
				CLANG_WARN_OBJC_LITERAL_CONVERSION = YES;
				CLANG_WARN_OBJC_ROOT_CLASS = YES_ERROR;
				CLANG_WARN_RANGE_LOOP_ANALYSIS = YES;
				CLANG_WARN_STRICT_PROTOTYPES = YES;
				CLANG_WARN_SUSPICIOUS_MOVE = YES;
				CLANG_WARN_UNGUARDED_AVAILABILITY = YES_AGGRESSIVE;
				CLANG_WARN_UNREACHABLE_CODE = YES;
				CLANG_WARN__DUPLICATE_METHOD_MATCH = YES;
				CODE_SIGN_IDENTITY = "iPhone Developer";
				COPY_PHASE_STRIP = NO;
				DEBUG_INFORMATION_FORMAT = "dwarf-with-dsym";
				ENABLE_NS_ASSERTIONS = NO;
				ENABLE_STRICT_OBJC_MSGSEND = YES;
				GCC_C_LANGUAGE_STANDARD = gnu11;
				GCC_NO_COMMON_BLOCKS = YES;
				GCC_WARN_64_TO_32_BIT_CONVERSION = YES;
				GCC_WARN_ABOUT_RETURN_TYPE = YES_ERROR;
				GCC_WARN_UNDECLARED_SELECTOR = YES;
				GCC_WARN_UNINITIALIZED_AUTOS = YES_AGGRESSIVE;
				GCC_WARN_UNUSED_FUNCTION = YES;
				GCC_WARN_UNUSED_VARIABLE = YES;
				IPHONEOS_DEPLOYMENT_TARGET = 11.3;
				MTL_ENABLE_DEBUG_INFO = NO;
				SDKROOT = iphoneos;
				SWIFT_COMPILATION_MODE = wholemodule;
				SWIFT_OPTIMIZATION_LEVEL = "-O";
				VALIDATE_PRODUCT = YES;
			};
			name = Release;
		};
		6033FDF32095ADCA0081405C /* Debug */ = {
			isa = XCBuildConfiguration;
			buildSettings = {
				ASSETCATALOG_COMPILER_APPICON_NAME = AppIcon;
				CODE_SIGN_STYLE = Automatic;
				DEVELOPMENT_TEAM = B6NDM93MJT;
				INFOPLIST_FILE = "redux-swift/Info.plist";
				LD_RUNPATH_SEARCH_PATHS = (
					"$(inherited)",
					"@executable_path/Frameworks",
				);
				PRODUCT_BUNDLE_IDENTIFIER = "io.bartlomiejnowak.redux-swift";
				PRODUCT_NAME = "$(TARGET_NAME)";
				SWIFT_VERSION = 4.0;
				TARGETED_DEVICE_FAMILY = 1;
			};
			name = Debug;
		};
		6033FDF42095ADCA0081405C /* Release */ = {
			isa = XCBuildConfiguration;
			buildSettings = {
				ASSETCATALOG_COMPILER_APPICON_NAME = AppIcon;
				CODE_SIGN_STYLE = Automatic;
				DEVELOPMENT_TEAM = B6NDM93MJT;
				INFOPLIST_FILE = "redux-swift/Info.plist";
				LD_RUNPATH_SEARCH_PATHS = (
					"$(inherited)",
					"@executable_path/Frameworks",
				);
				PRODUCT_BUNDLE_IDENTIFIER = "io.bartlomiejnowak.redux-swift";
				PRODUCT_NAME = "$(TARGET_NAME)";
				SWIFT_VERSION = 4.0;
				TARGETED_DEVICE_FAMILY = 1;
			};
			name = Release;
		};
/* End XCBuildConfiguration section */

/* Begin XCConfigurationList section */
		6033FDDB2095ADC60081405C /* Build configuration list for PBXProject "redux-swift" */ = {
			isa = XCConfigurationList;
			buildConfigurations = (
				6033FDF02095ADCA0081405C /* Debug */,
				6033FDF12095ADCA0081405C /* Release */,
			);
			defaultConfigurationIsVisible = 0;
			defaultConfigurationName = Release;
		};
		6033FDF22095ADCA0081405C /* Build configuration list for PBXNativeTarget "redux-swift" */ = {
			isa = XCConfigurationList;
			buildConfigurations = (
				6033FDF32095ADCA0081405C /* Debug */,
				6033FDF42095ADCA0081405C /* Release */,
			);
			defaultConfigurationIsVisible = 0;
			defaultConfigurationName = Release;
		};
/* End XCConfigurationList section */
	};
	rootObject = 6033FDD82095ADC60081405C /* Project object */;
}
